<?xml version="1.0" encoding="utf-8"?>
<Project ToolsVersion="4.0" xmlns="http://schemas.microsoft.com/developer/msbuild/2003">
  <ItemGroup>
    <Filter Include="Events">
      <UniqueIdentifier>{64e9ee78-e739-4223-8846-a9e452a16f9e}</UniqueIdentifier>
    </Filter>
    <Filter Include="Handlers">
      <UniqueIdentifier>{4099ab9f-1856-4336-805a-bf7cdfb681ad}</UniqueIdentifier>
    </Filter>
    <Filter Include="Moudules">
      <UniqueIdentifier>{7c7a7dda-dbfc-4e3a-87d3-e9537fc7441b}</UniqueIdentifier>
    </Filter>
  </ItemGroup>
  <ItemGroup>
    <ClInclude Include="Events\Event.h">
      <Filter>Events</Filter>
    </ClInclude>
    <ClInclude Include="Events\MarketDataEvent.h">
      <Filter>Events</Filter>
    </ClInclude>
    <ClInclude Include="Events\OrderEvent.h">
      <Filter>Events</Filter>
    </ClInclude>
    <ClInclude Include="Events\TradeEvent.h">
      <Filter>Events</Filter>
    </ClInclude>
    <ClInclude Include="Handlers\EventHandler.h">
      <Filter>Handlers</Filter>
    </ClInclude>
    <ClInclude Include="Handlers\StrategyEngineHandler.h">
      <Filter>Handlers</Filter>
    </ClInclude>
    <ClInclude Include="EventManager.h" />
    <ClInclude Include="Handlers\RiskManagerHandler.h">
      <Filter>Handlers</Filter>
    </ClInclude>
    <ClInclude Include="MarketDataAPi\CTPMarketDataFeed.h" />
    <ClInclude Include="MarketDataAPi\ThostFtdcMdApi.h" />
    <ClInclude Include="MarketDataAPi\ThostFtdcTraderApi.h" />
    <ClInclude Include="MarketDataAPi\ThostFtdcUserApiDataType.h" />
    <ClInclude Include="MarketDataAPi\ThostFtdcUserApiStruct.h" />
    <ClInclude Include="Modules\DataFeed.h" />
    <ClInclude Include="Modules\DataProcessor.h" />
  </ItemGroup>
  <ItemGroup>
    <ClCompile Include="EventManager.cpp" />
    <ClCompile Include="main.cpp" />
    <ClCompile Include="MarketDataAPi\CTPMarketDataFeed.cpp" />
    <ClCompile Include="Modules\DataFeed.cpp" />
    <ClCompile Include="Modules\DataProcessor.cpp" />
  </ItemGroup>
</Project>